
Microsoft Visual Studio Solution File, Format Version 12.00
# Visual Studio 15
VisualStudioVersion = 15.0.26124.0
MinimumVisualStudioVersion = 15.0.26124.0
Project("{2150E333-8FDC-42A3-9474-1A3956D46DE8}") = "src", "src", "{4DB0DE74-0003-4336-82FF-39F2946DFBAD}"
EndProject
Project("{9A19103F-16F7-4668-BE54-9A1E7A4F7556}") = "Basket.Api", "src\Basket.Api\Basket.Api.csproj", "{2E7E82EE-4133-409B-8193-2BB52710906D}"
EndProject
Project("{9A19103F-16F7-4668-BE54-9A1E7A4F7556}") = "Basket.Tests", "src\Basket.Tests\Basket.Tests.csproj", "{39E836C8-43A0-4ADA-840D-4A08CAA952C9}"
EndProject
Project("{9A19103F-16F7-4668-BE54-9A1E7A4F7556}") = "Basket.Client", "src\Basket.Client\Basket.Client.csproj", "{5F8BA69B-0937-4D11-81D4-C19FD08CA044}"
EndProject
Project("{9A19103F-16F7-4668-BE54-9A1E7A4F7556}") = "Basket.Domain", "src\Basket.Domain\Basket.Domain.csproj", "{B95A20A3-B365-4F14-8AF1-02D244435057}"
EndProject
Project("{2150E333-8FDC-42A3-9474-1A3956D46DE8}") = "SolutionItems", "SolutionItems", "{45963000-DA34-487D-AF72-777B59BDE8CB}"
	ProjectSection(SolutionItems) = preProject
		.gitignore = .gitignore
		ci\appveyor.yml = ci\appveyor.yml
		README.md = README.md
	EndProjectSection
EndProject
Global
	GlobalSection(SolutionConfigurationPlatforms) = preSolution
		Debug|Any CPU = Debug|Any CPU
		Debug|x64 = Debug|x64
		Debug|x86 = Debug|x86
		Release|Any CPU = Release|Any CPU
		Release|x64 = Release|x64
		Release|x86 = Release|x86
	EndGlobalSection
	GlobalSection(ProjectConfigurationPlatforms) = postSolution
		{2E7E82EE-4133-409B-8193-2BB52710906D}.Debug|Any CPU.ActiveCfg = Debug|Any CPU
		{2E7E82EE-4133-409B-8193-2BB52710906D}.Debug|Any CPU.Build.0 = Debug|Any CPU
		{2E7E82EE-4133-409B-8193-2BB52710906D}.Debug|x64.ActiveCfg = Debug|Any CPU
		{2E7E82EE-4133-409B-8193-2BB52710906D}.Debug|x64.Build.0 = Debug|Any CPU
		{2E7E82EE-4133-409B-8193-2BB52710906D}.Debug|x86.ActiveCfg = Debug|Any CPU
		{2E7E82EE-4133-409B-8193-2BB52710906D}.Debug|x86.Build.0 = Debug|Any CPU
		{2E7E82EE-4133-409B-8193-2BB52710906D}.Release|Any CPU.ActiveCfg = Release|Any CPU
		{2E7E82EE-4133-409B-8193-2BB52710906D}.Release|Any CPU.Build.0 = Release|Any CPU
		{2E7E82EE-4133-409B-8193-2BB52710906D}.Release|x64.ActiveCfg = Release|Any CPU
		{2E7E82EE-4133-409B-8193-2BB52710906D}.Release|x64.Build.0 = Release|Any CPU
		{2E7E82EE-4133-409B-8193-2BB52710906D}.Release|x86.ActiveCfg = Release|Any CPU
		{2E7E82EE-4133-409B-8193-2BB52710906D}.Release|x86.Build.0 = Release|Any CPU
		{39E836C8-43A0-4ADA-840D-4A08CAA952C9}.Debug|Any CPU.ActiveCfg = Debug|Any CPU
		{39E836C8-43A0-4ADA-840D-4A08CAA952C9}.Debug|Any CPU.Build.0 = Debug|Any CPU
		{39E836C8-43A0-4ADA-840D-4A08CAA952C9}.Debug|x64.ActiveCfg = Debug|Any CPU
		{39E836C8-43A0-4ADA-840D-4A08CAA952C9}.Debug|x64.Build.0 = Debug|Any CPU
		{39E836C8-43A0-4ADA-840D-4A08CAA952C9}.Debug|x86.ActiveCfg = Debug|Any CPU
		{39E836C8-43A0-4ADA-840D-4A08CAA952C9}.Debug|x86.Build.0 = Debug|Any CPU
		{39E836C8-43A0-4ADA-840D-4A08CAA952C9}.Release|Any CPU.ActiveCfg = Release|Any CPU
		{39E836C8-43A0-4ADA-840D-4A08CAA952C9}.Release|Any CPU.Build.0 = Release|Any CPU
		{39E836C8-43A0-4ADA-840D-4A08CAA952C9}.Release|x64.ActiveCfg = Release|Any CPU
		{39E836C8-43A0-4ADA-840D-4A08CAA952C9}.Release|x64.Build.0 = Release|Any CPU
		{39E836C8-43A0-4ADA-840D-4A08CAA952C9}.Release|x86.ActiveCfg = Release|Any CPU
		{39E836C8-43A0-4ADA-840D-4A08CAA952C9}.Release|x86.Build.0 = Release|Any CPU
		{5F8BA69B-0937-4D11-81D4-C19FD08CA044}.Debug|Any CPU.ActiveCfg = Debug|Any CPU
		{5F8BA69B-0937-4D11-81D4-C19FD08CA044}.Debug|Any CPU.Build.0 = Debug|Any CPU
		{5F8BA69B-0937-4D11-81D4-C19FD08CA044}.Debug|x64.ActiveCfg = Debug|Any CPU
		{5F8BA69B-0937-4D11-81D4-C19FD08CA044}.Debug|x64.Build.0 = Debug|Any CPU
		{5F8BA69B-0937-4D11-81D4-C19FD08CA044}.Debug|x86.ActiveCfg = Debug|Any CPU
		{5F8BA69B-0937-4D11-81D4-C19FD08CA044}.Debug|x86.Build.0 = Debug|Any CPU
		{5F8BA69B-0937-4D11-81D4-C19FD08CA044}.Release|Any CPU.ActiveCfg = Release|Any CPU
		{5F8BA69B-0937-4D11-81D4-C19FD08CA044}.Release|Any CPU.Build.0 = Release|Any CPU
		{5F8BA69B-0937-4D11-81D4-C19FD08CA044}.Release|x64.ActiveCfg = Release|Any CPU
		{5F8BA69B-0937-4D11-81D4-C19FD08CA044}.Release|x64.Build.0 = Release|Any CPU
		{5F8BA69B-0937-4D11-81D4-C19FD08CA044}.Release|x86.ActiveCfg = Release|Any CPU
		{5F8BA69B-0937-4D11-81D4-C19FD08CA044}.Release|x86.Build.0 = Release|Any CPU
		{B95A20A3-B365-4F14-8AF1-02D244435057}.Debug|Any CPU.ActiveCfg = Debug|Any CPU
		{B95A20A3-B365-4F14-8AF1-02D244435057}.Debug|Any CPU.Build.0 = Debug|Any CPU
		{B95A20A3-B365-4F14-8AF1-02D244435057}.Debug|x64.ActiveCfg = Debug|Any CPU
		{B95A20A3-B365-4F14-8AF1-02D244435057}.Debug|x64.Build.0 = Debug|Any CPU
		{B95A20A3-B365-4F14-8AF1-02D244435057}.Debug|x86.ActiveCfg = Debug|Any CPU
		{B95A20A3-B365-4F14-8AF1-02D244435057}.Debug|x86.Build.0 = Debug|Any CPU
		{B95A20A3-B365-4F14-8AF1-02D244435057}.Release|Any CPU.ActiveCfg = Release|Any CPU
		{B95A20A3-B365-4F14-8AF1-02D244435057}.Release|Any CPU.Build.0 = Release|Any CPU
		{B95A20A3-B365-4F14-8AF1-02D244435057}.Release|x64.ActiveCfg = Release|Any CPU
		{B95A20A3-B365-4F14-8AF1-02D244435057}.Release|x64.Build.0 = Release|Any CPU
		{B95A20A3-B365-4F14-8AF1-02D244435057}.Release|x86.ActiveCfg = Release|Any CPU
		{B95A20A3-B365-4F14-8AF1-02D244435057}.Release|x86.Build.0 = Release|Any CPU
	EndGlobalSection
	GlobalSection(SolutionProperties) = preSolution
		HideSolutionNode = FALSE
	EndGlobalSection
	GlobalSection(NestedProjects) = preSolution
		{2E7E82EE-4133-409B-8193-2BB52710906D} = {4DB0DE74-0003-4336-82FF-39F2946DFBAD}
		{39E836C8-43A0-4ADA-840D-4A08CAA952C9} = {4DB0DE74-0003-4336-82FF-39F2946DFBAD}
		{5F8BA69B-0937-4D11-81D4-C19FD08CA044} = {4DB0DE74-0003-4336-82FF-39F2946DFBAD}
		{B95A20A3-B365-4F14-8AF1-02D244435057} = {4DB0DE74-0003-4336-82FF-39F2946DFBAD}
	EndGlobalSection
	GlobalSection(ExtensibilityGlobals) = postSolution
		SolutionGuid = {7AA6E318-7676-45DC-9A0A-01A74A701522}
	EndGlobalSection
EndGlobal
